{
  "name": "@miseos/dev-id",
  "version": "1.0.0-security-rc2",
  "lockfileVersion": 3,
  "requires": true,
  "packages": {
    "": {
      "name": "@miseos/dev-id",
      "version": "1.0.0-security-rc2",
      "dependencies": {
        "@actions/core": "^1.11.1",
        "canonicalize": "^2.0.0",
        "jose": "^6.1.0"
      },
      "devDependencies": {
        "@types/node": "^22.0.0",
        "typescript": "^5.7.0",
        "vitest": "^3.2.5"
      },
      "engines": {
        "node": ">=20"
      }
    }
  }
}
